
Microsoft Visual Studio Solution File, Format Version 12.00
# Visual Studio Version 17
VisualStudioVersion = 17.7.34031.279
MinimumVisualStudioVersion = 10.0.40219.1
Project("{FAE04EC0-301F-11D3-BF4B-00C04F79EFBC}") = "Encora.String", "Encora.String\Encora.String.csproj", "{07F4D780-4551-4A23-9268-FC2A03C5FF63}"
EndProject
Project("{FAE04EC0-301F-11D3-BF4B-00C04F79EFBC}") = "Encora.StringTest", "Encora.StringTest\Encora.StringTest.csproj", "{1AFBA3EB-9216-4C8B-B215-DA583B000638}"
EndProject
Global
	GlobalSection(SolutionConfigurationPlatforms) = preSolution
		Debug|Any CPU = Debug|Any CPU
		Release|Any CPU = Release|Any CPU
	EndGlobalSection
	GlobalSection(ProjectConfigurationPlatforms) = postSolution
		{07F4D780-4551-4A23-9268-FC2A03C5FF63}.Debug|Any CPU.ActiveCfg = Debug|Any CPU
		{07F4D780-4551-4A23-9268-FC2A03C5FF63}.Debug|Any CPU.Build.0 = Debug|Any CPU
		{07F4D780-4551-4A23-9268-FC2A03C5FF63}.Release|Any CPU.ActiveCfg = Release|Any CPU
		{07F4D780-4551-4A23-9268-FC2A03C5FF63}.Release|Any CPU.Build.0 = Release|Any CPU
		{1AFBA3EB-9216-4C8B-B215-DA583B000638}.Debug|Any CPU.ActiveCfg = Debug|Any CPU
		{1AFBA3EB-9216-4C8B-B215-DA583B000638}.Debug|Any CPU.Build.0 = Debug|Any CPU
		{1AFBA3EB-9216-4C8B-B215-DA583B000638}.Release|Any CPU.ActiveCfg = Release|Any CPU
		{1AFBA3EB-9216-4C8B-B215-DA583B000638}.Release|Any CPU.Build.0 = Release|Any CPU
	EndGlobalSection
	GlobalSection(SolutionProperties) = preSolution
		HideSolutionNode = FALSE
	EndGlobalSection
	GlobalSection(ExtensibilityGlobals) = postSolution
		SolutionGuid = {7CFCD475-470A-4EC0-9500-AD6D7A06B983}
	EndGlobalSection
EndGlobal
